// !$*UTF8*$!
{
	archiveVersion = 1;
	classes = {
	};
	objectVersion = 56;
	objects = {

/* Begin PBXBuildFile section */
		6F3AC3BA2ACFE4610009E767 /* HashableBootcamp.swift in Sources */ = {isa = PBXBuildFile; fileRef = 6F3AC3B92ACFE4610009E767 /* HashableBootcamp.swift */; };
		6F599ED92AD6681E00B0A531 /* BackgroundThreadBootcamp.swift in Sources */ = {isa = PBXBuildFile; fileRef = 6F599ED82AD6681E00B0A531 /* BackgroundThreadBootcamp.swift */; };
		6F599EDB2AD67F5300B0A531 /* WeakSelfBootcamp.swift in Sources */ = {isa = PBXBuildFile; fileRef = 6F599EDA2AD67F5300B0A531 /* WeakSelfBootcamp.swift */; };
		6F599EDD2AD69E7C00B0A531 /* TypealiasBootcamp.swift in Sources */ = {isa = PBXBuildFile; fileRef = 6F599EDC2AD69E7C00B0A531 /* TypealiasBootcamp.swift */; };
		6FD815E02ACD98C9004E529F /* DragGestureBootcamp.swift in Sources */ = {isa = PBXBuildFile; fileRef = 6FD815DF2ACD98C9004E529F /* DragGestureBootcamp.swift */; };
		6FD815E22ACE7DEB004E529F /* ScrollViewReaderBootcamp.swift in Sources */ = {isa = PBXBuildFile; fileRef = 6FD815E12ACE7DEB004E529F /* ScrollViewReaderBootcamp.swift */; };
		6FD815E42ACE7F0E004E529F /* Extension.swift in Sources */ = {isa = PBXBuildFile; fileRef = 6FD815E32ACE7F0E004E529F /* Extension.swift */; };
		6FD815E62ACE902B004E529F /* MultipleSheetsBootcamp.swift in Sources */ = {isa = PBXBuildFile; fileRef = 6FD815E52ACE902A004E529F /* MultipleSheetsBootcamp.swift */; };
		6FDF1CA02ACC435700BE5F9C /* swiftui_bootcamp_intermidiateApp.swift in Sources */ = {isa = PBXBuildFile; fileRef = 6FDF1C9F2ACC435700BE5F9C /* swiftui_bootcamp_intermidiateApp.swift */; };
		6FDF1CA42ACC435900BE5F9C /* Assets.xcassets in Resources */ = {isa = PBXBuildFile; fileRef = 6FDF1CA32ACC435900BE5F9C /* Assets.xcassets */; };
		6FDF1CA72ACC435900BE5F9C /* Preview Assets.xcassets in Resources */ = {isa = PBXBuildFile; fileRef = 6FDF1CA62ACC435900BE5F9C /* Preview Assets.xcassets */; };
		6FDF1CAE2ACC45A400BE5F9C /* LongPressGetureBootcamp.swift in Sources */ = {isa = PBXBuildFile; fileRef = 6FDF1CAD2ACC45A400BE5F9C /* LongPressGetureBootcamp.swift */; };
		6FDF1CB02ACD240500BE5F9C /* MagnificationGetureBootcamp.swift in Sources */ = {isa = PBXBuildFile; fileRef = 6FDF1CAF2ACD240500BE5F9C /* MagnificationGetureBootcamp.swift */; };
		6FDF1CD82ACD428A00BE5F9C /* RotationGestureBootcamp.swift in Sources */ = {isa = PBXBuildFile; fileRef = 6FDF1CD72ACD428A00BE5F9C /* RotationGestureBootcamp.swift */; };
/* End PBXBuildFile section */

/* Begin PBXFileReference section */
		6F3AC3B92ACFE4610009E767 /* HashableBootcamp.swift */ = {isa = PBXFileReference; lastKnownFileType = sourcecode.swift; path = HashableBootcamp.swift; sourceTree = "<group>"; };
		6F599ED82AD6681E00B0A531 /* BackgroundThreadBootcamp.swift */ = {isa = PBXFileReference; lastKnownFileType = sourcecode.swift; path = BackgroundThreadBootcamp.swift; sourceTree = "<group>"; };
		6F599EDA2AD67F5300B0A531 /* WeakSelfBootcamp.swift */ = {isa = PBXFileReference; lastKnownFileType = sourcecode.swift; path = WeakSelfBootcamp.swift; sourceTree = "<group>"; };
		6F599EDC2AD69E7C00B0A531 /* TypealiasBootcamp.swift */ = {isa = PBXFileReference; lastKnownFileType = sourcecode.swift; path = TypealiasBootcamp.swift; sourceTree = "<group>"; };
		6FD815DF2ACD98C9004E529F /* DragGestureBootcamp.swift */ = {isa = PBXFileReference; lastKnownFileType = sourcecode.swift; path = DragGestureBootcamp.swift; sourceTree = "<group>"; };
		6FD815E12ACE7DEB004E529F /* ScrollViewReaderBootcamp.swift */ = {isa = PBXFileReference; lastKnownFileType = sourcecode.swift; path = ScrollViewReaderBootcamp.swift; sourceTree = "<group>"; };
		6FD815E32ACE7F0E004E529F /* Extension.swift */ = {isa = PBXFileReference; lastKnownFileType = sourcecode.swift; path = Extension.swift; sourceTree = "<group>"; };
		6FD815E52ACE902A004E529F /* MultipleSheetsBootcamp.swift */ = {isa = PBXFileReference; lastKnownFileType = sourcecode.swift; path = MultipleSheetsBootcamp.swift; sourceTree = "<group>"; };
		6FDF1C9C2ACC435700BE5F9C /* swiftui_bootcamp_intermidiate.app */ = {isa = PBXFileReference; explicitFileType = wrapper.application; includeInIndex = 0; path = swiftui_bootcamp_intermidiate.app; sourceTree = BUILT_PRODUCTS_DIR; };
		6FDF1C9F2ACC435700BE5F9C /* swiftui_bootcamp_intermidiateApp.swift */ = {isa = PBXFileReference; lastKnownFileType = sourcecode.swift; path = swiftui_bootcamp_intermidiateApp.swift; sourceTree = "<group>"; };
		6FDF1CA32ACC435900BE5F9C /* Assets.xcassets */ = {isa = PBXFileReference; lastKnownFileType = folder.assetcatalog; path = Assets.xcassets; sourceTree = "<group>"; };
		6FDF1CA62ACC435900BE5F9C /* Preview Assets.xcassets */ = {isa = PBXFileReference; lastKnownFileType = folder.assetcatalog; path = "Preview Assets.xcassets"; sourceTree = "<group>"; };
		6FDF1CAD2ACC45A400BE5F9C /* LongPressGetureBootcamp.swift */ = {isa = PBXFileReference; lastKnownFileType = sourcecode.swift; path = LongPressGetureBootcamp.swift; sourceTree = "<group>"; };
		6FDF1CAF2ACD240500BE5F9C /* MagnificationGetureBootcamp.swift */ = {isa = PBXFileReference; lastKnownFileType = sourcecode.swift; path = MagnificationGetureBootcamp.swift; sourceTree = "<group>"; };
		6FDF1CD72ACD428A00BE5F9C /* RotationGestureBootcamp.swift */ = {isa = PBXFileReference; lastKnownFileType = sourcecode.swift; path = RotationGestureBootcamp.swift; sourceTree = "<group>"; };
/* End PBXFileReference section */

/* Begin PBXFrameworksBuildPhase section */
		6FDF1C992ACC435700BE5F9C /* Frameworks */ = {
			isa = PBXFrameworksBuildPhase;
			buildActionMask = 2147483647;
			files = (
			);
			runOnlyForDeploymentPostprocessing = 0;
		};
/* End PBXFrameworksBuildPhase section */

/* Begin PBXGroup section */
		6FD815DE2ACD98B2004E529F /* Bootcamp */ = {
			isa = PBXGroup;
			children = (
				6FDF1CAD2ACC45A400BE5F9C /* LongPressGetureBootcamp.swift */,
				6FDF1CAF2ACD240500BE5F9C /* MagnificationGetureBootcamp.swift */,
				6FDF1CD72ACD428A00BE5F9C /* RotationGestureBootcamp.swift */,
				6FD815DF2ACD98C9004E529F /* DragGestureBootcamp.swift */,
				6FD815E12ACE7DEB004E529F /* ScrollViewReaderBootcamp.swift */,
				6FD815E32ACE7F0E004E529F /* Extension.swift */,
				6FD815E52ACE902A004E529F /* MultipleSheetsBootcamp.swift */,
				6F3AC3B92ACFE4610009E767 /* HashableBootcamp.swift */,
				6F599ED82AD6681E00B0A531 /* BackgroundThreadBootcamp.swift */,
				6F599EDA2AD67F5300B0A531 /* WeakSelfBootcamp.swift */,
				6F599EDC2AD69E7C00B0A531 /* TypealiasBootcamp.swift */,
			);
			path = Bootcamp;
			sourceTree = "<group>";
		};
		6FDF1C932ACC435700BE5F9C = {
			isa = PBXGroup;
			children = (
				6FDF1C9E2ACC435700BE5F9C /* swiftui_bootcamp_intermidiate */,
				6FDF1C9D2ACC435700BE5F9C /* Products */,
			);
			sourceTree = "<group>";
		};
		6FDF1C9D2ACC435700BE5F9C /* Products */ = {
			isa = PBXGroup;
			children = (
				6FDF1C9C2ACC435700BE5F9C /* swiftui_bootcamp_intermidiate.app */,
			);
			name = Products;
			sourceTree = "<group>";
		};
		6FDF1C9E2ACC435700BE5F9C /* swiftui_bootcamp_intermidiate */ = {
			isa = PBXGroup;
			children = (
				6FDF1C9F2ACC435700BE5F9C /* swiftui_bootcamp_intermidiateApp.swift */,
				6FD815DE2ACD98B2004E529F /* Bootcamp */,
				6FDF1CA32ACC435900BE5F9C /* Assets.xcassets */,
				6FDF1CA52ACC435900BE5F9C /* Preview Content */,
			);
			path = swiftui_bootcamp_intermidiate;
			sourceTree = "<group>";
		};
		6FDF1CA52ACC435900BE5F9C /* Preview Content */ = {
			isa = PBXGroup;
			children = (
				6FDF1CA62ACC435900BE5F9C /* Preview Assets.xcassets */,
			);
			path = "Preview Content";
			sourceTree = "<group>";
		};
/* End PBXGroup section */

/* Begin PBXNativeTarget section */
		6FDF1C9B2ACC435700BE5F9C /* swiftui_bootcamp_intermidiate */ = {
			isa = PBXNativeTarget;
			buildConfigurationList = 6FDF1CAA2ACC435900BE5F9C /* Build configuration list for PBXNativeTarget "swiftui_bootcamp_intermidiate" */;
			buildPhases = (
				6FDF1C982ACC435700BE5F9C /* Sources */,
				6FDF1C992ACC435700BE5F9C /* Frameworks */,
				6FDF1C9A2ACC435700BE5F9C /* Resources */,
			);
			buildRules = (
			);
			dependencies = (
			);
			name = swiftui_bootcamp_intermidiate;
			productName = swiftui_bootcamp_intermidiate;
			productReference = 6FDF1C9C2ACC435700BE5F9C /* swiftui_bootcamp_intermidiate.app */;
			productType = "com.apple.product-type.application";
		};
/* End PBXNativeTarget section */

/* Begin PBXProject section */
		6FDF1C942ACC435700BE5F9C /* Project object */ = {
			isa = PBXProject;
			attributes = {
				BuildIndependentTargetsInParallel = 1;
				LastSwiftUpdateCheck = 1500;
				LastUpgradeCheck = 1500;
				TargetAttributes = {
					6FDF1C9B2ACC435700BE5F9C = {
						CreatedOnToolsVersion = 15.0;
					};
				};
			};
			buildConfigurationList = 6FDF1C972ACC435700BE5F9C /* Build configuration list for PBXProject "swiftui_bootcamp_intermidiate" */;
			compatibilityVersion = "Xcode 14.0";
			developmentRegion = en;
			hasScannedForEncodings = 0;
			knownRegions = (
				en,
				Base,
			);
			mainGroup = 6FDF1C932ACC435700BE5F9C;
			productRefGroup = 6FDF1C9D2ACC435700BE5F9C /* Products */;
			projectDirPath = "";
			projectRoot = "";
			targets = (
				6FDF1C9B2ACC435700BE5F9C /* swiftui_bootcamp_intermidiate */,
			);
		};
/* End PBXProject section */

/* Begin PBXResourcesBuildPhase section */
		6FDF1C9A2ACC435700BE5F9C /* Resources */ = {
			isa = PBXResourcesBuildPhase;
			buildActionMask = 2147483647;
			files = (
				6FDF1CA72ACC435900BE5F9C /* Preview Assets.xcassets in Resources */,
				6FDF1CA42ACC435900BE5F9C /* Assets.xcassets in Resources */,
			);
			runOnlyForDeploymentPostprocessing = 0;
		};
/* End PBXResourcesBuildPhase section */

/* Begin PBXSourcesBuildPhase section */
		6FDF1C982ACC435700BE5F9C /* Sources */ = {
			isa = PBXSourcesBuildPhase;
			buildActionMask = 2147483647;
			files = (
				6FD815E02ACD98C9004E529F /* DragGestureBootcamp.swift in Sources */,
				6FDF1CAE2ACC45A400BE5F9C /* LongPressGetureBootcamp.swift in Sources */,
				6FD815E42ACE7F0E004E529F /* Extension.swift in Sources */,
				6F599EDD2AD69E7C00B0A531 /* TypealiasBootcamp.swift in Sources */,
				6F599EDB2AD67F5300B0A531 /* WeakSelfBootcamp.swift in Sources */,
				6FDF1CB02ACD240500BE5F9C /* MagnificationGetureBootcamp.swift in Sources */,
				6F599ED92AD6681E00B0A531 /* BackgroundThreadBootcamp.swift in Sources */,
				6FD815E62ACE902B004E529F /* MultipleSheetsBootcamp.swift in Sources */,
				6FD815E22ACE7DEB004E529F /* ScrollViewReaderBootcamp.swift in Sources */,
				6F3AC3BA2ACFE4610009E767 /* HashableBootcamp.swift in Sources */,
				6FDF1CA02ACC435700BE5F9C /* swiftui_bootcamp_intermidiateApp.swift in Sources */,
				6FDF1CD82ACD428A00BE5F9C /* RotationGestureBootcamp.swift in Sources */,
			);
			runOnlyForDeploymentPostprocessing = 0;
		};
/* End PBXSourcesBuildPhase section */

/* Begin XCBuildConfiguration section */
		6FDF1CA82ACC435900BE5F9C /* Debug */ = {
			isa = XCBuildConfiguration;
			buildSettings = {
				ALWAYS_SEARCH_USER_PATHS = NO;
				ASSETCATALOG_COMPILER_GENERATE_SWIFT_ASSET_SYMBOL_EXTENSIONS = YES;
				CLANG_ANALYZER_NONNULL = YES;
				CLANG_ANALYZER_NUMBER_OBJECT_CONVERSION = YES_AGGRESSIVE;
				CLANG_CXX_LANGUAGE_STANDARD = "gnu++20";
				CLANG_ENABLE_MODULES = YES;
				CLANG_ENABLE_OBJC_ARC = YES;
				CLANG_ENABLE_OBJC_WEAK = YES;
				CLANG_WARN_BLOCK_CAPTURE_AUTORELEASING = YES;
				CLANG_WARN_BOOL_CONVERSION = YES;
				CLANG_WARN_COMMA = YES;
				CLANG_WARN_CONSTANT_CONVERSION = YES;
				CLANG_WARN_DEPRECATED_OBJC_IMPLEMENTATIONS = YES;
				CLANG_WARN_DIRECT_OBJC_ISA_USAGE = YES_ERROR;
				CLANG_WARN_DOCUMENTATION_COMMENTS = YES;
				CLANG_WARN_EMPTY_BODY = YES;
				CLANG_WARN_ENUM_CONVERSION = YES;
				CLANG_WARN_INFINITE_RECURSION = YES;
				CLANG_WARN_INT_CONVERSION = YES;
				CLANG_WARN_NON_LITERAL_NULL_CONVERSION = YES;
				CLANG_WARN_OBJC_IMPLICIT_RETAIN_SELF = YES;
				CLANG_WARN_OBJC_LITERAL_CONVERSION = YES;
				CLANG_WARN_OBJC_ROOT_CLASS = YES_ERROR;
				CLANG_WARN_QUOTED_INCLUDE_IN_FRAMEWORK_HEADER = YES;
				CLANG_WARN_RANGE_LOOP_ANALYSIS = YES;
				CLANG_WARN_STRICT_PROTOTYPES = YES;
				CLANG_WARN_SUSPICIOUS_MOVE = YES;
				CLANG_WARN_UNGUARDED_AVAILABILITY = YES_AGGRESSIVE;
				CLANG_WARN_UNREACHABLE_CODE = YES;
				CLANG_WARN__DUPLICATE_METHOD_MATCH = YES;
				COPY_PHASE_STRIP = NO;
				DEBUG_INFORMATION_FORMAT = dwarf;
				ENABLE_STRICT_OBJC_MSGSEND = YES;
				ENABLE_TESTABILITY = YES;
				ENABLE_USER_SCRIPT_SANDBOXING = YES;
				GCC_C_LANGUAGE_STANDARD = gnu17;
				GCC_DYNAMIC_NO_PIC = NO;
				GCC_NO_COMMON_BLOCKS = YES;
				GCC_OPTIMIZATION_LEVEL = 0;
				GCC_PREPROCESSOR_DEFINITIONS = (
					"DEBUG=1",
					"$(inherited)",
				);
				GCC_WARN_64_TO_32_BIT_CONVERSION = YES;
				GCC_WARN_ABOUT_RETURN_TYPE = YES_ERROR;
				GCC_WARN_UNDECLARED_SELECTOR = YES;
				GCC_WARN_UNINITIALIZED_AUTOS = YES_AGGRESSIVE;
				GCC_WARN_UNUSED_FUNCTION = YES;
				GCC_WARN_UNUSED_VARIABLE = YES;
				IPHONEOS_DEPLOYMENT_TARGET = 17.0;
				LOCALIZATION_PREFERS_STRING_CATALOGS = YES;
				MTL_ENABLE_DEBUG_INFO = INCLUDE_SOURCE;
				MTL_FAST_MATH = YES;
				ONLY_ACTIVE_ARCH = YES;
				SDKROOT = iphoneos;
				SWIFT_ACTIVE_COMPILATION_CONDITIONS = "DEBUG $(inherited)";
				SWIFT_OPTIMIZATION_LEVEL = "-Onone";
			};
			name = Debug;
		};
		6FDF1CA92ACC435900BE5F9C /* Release */ = {
			isa = XCBuildConfiguration;
			buildSettings = {
				ALWAYS_SEARCH_USER_PATHS = NO;
				ASSETCATALOG_COMPILER_GENERATE_SWIFT_ASSET_SYMBOL_EXTENSIONS = YES;
				CLANG_ANALYZER_NONNULL = YES;
				CLANG_ANALYZER_NUMBER_OBJECT_CONVERSION = YES_AGGRESSIVE;
				CLANG_CXX_LANGUAGE_STANDARD = "gnu++20";
				CLANG_ENABLE_MODULES = YES;
				CLANG_ENABLE_OBJC_ARC = YES;
				CLANG_ENABLE_OBJC_WEAK = YES;
				CLANG_WARN_BLOCK_CAPTURE_AUTORELEASING = YES;
				CLANG_WARN_BOOL_CONVERSION = YES;
				CLANG_WARN_COMMA = YES;
				CLANG_WARN_CONSTANT_CONVERSION = YES;
				CLANG_WARN_DEPRECATED_OBJC_IMPLEMENTATIONS = YES;
				CLANG_WARN_DIRECT_OBJC_ISA_USAGE = YES_ERROR;
				CLANG_WARN_DOCUMENTATION_COMMENTS = YES;
				CLANG_WARN_EMPTY_BODY = YES;
				CLANG_WARN_ENUM_CONVERSION = YES;
				CLANG_WARN_INFINITE_RECURSION = YES;
				CLANG_WARN_INT_CONVERSION = YES;
				CLANG_WARN_NON_LITERAL_NULL_CONVERSION = YES;
				CLANG_WARN_OBJC_IMPLICIT_RETAIN_SELF = YES;
				CLANG_WARN_OBJC_LITERAL_CONVERSION = YES;
				CLANG_WARN_OBJC_ROOT_CLASS = YES_ERROR;
				CLANG_WARN_QUOTED_INCLUDE_IN_FRAMEWORK_HEADER = YES;
				CLANG_WARN_RANGE_LOOP_ANALYSIS = YES;
				CLANG_WARN_STRICT_PROTOTYPES = YES;
				CLANG_WARN_SUSPICIOUS_MOVE = YES;
				CLANG_WARN_UNGUARDED_AVAILABILITY = YES_AGGRESSIVE;
				CLANG_WARN_UNREACHABLE_CODE = YES;
				CLANG_WARN__DUPLICATE_METHOD_MATCH = YES;
				COPY_PHASE_STRIP = NO;
				DEBUG_INFORMATION_FORMAT = "dwarf-with-dsym";
				ENABLE_NS_ASSERTIONS = NO;
				ENABLE_STRICT_OBJC_MSGSEND = YES;
				ENABLE_USER_SCRIPT_SANDBOXING = YES;
				GCC_C_LANGUAGE_STANDARD = gnu17;
				GCC_NO_COMMON_BLOCKS = YES;
				GCC_WARN_64_TO_32_BIT_CONVERSION = YES;
				GCC_WARN_ABOUT_RETURN_TYPE = YES_ERROR;
				GCC_WARN_UNDECLARED_SELECTOR = YES;
				GCC_WARN_UNINITIALIZED_AUTOS = YES_AGGRESSIVE;
				GCC_WARN_UNUSED_FUNCTION = YES;
				GCC_WARN_UNUSED_VARIABLE = YES;
				IPHONEOS_DEPLOYMENT_TARGET = 17.0;
				LOCALIZATION_PREFERS_STRING_CATALOGS = YES;
				MTL_ENABLE_DEBUG_INFO = NO;
				MTL_FAST_MATH = YES;
				SDKROOT = iphoneos;
				SWIFT_COMPILATION_MODE = wholemodule;
				VALIDATE_PRODUCT = YES;
			};
			name = Release;
		};
		6FDF1CAB2ACC435900BE5F9C /* Debug */ = {
			isa = XCBuildConfiguration;
			buildSettings = {
				ASSETCATALOG_COMPILER_APPICON_NAME = AppIcon;
				ASSETCATALOG_COMPILER_GLOBAL_ACCENT_COLOR_NAME = AccentColor;
				CODE_SIGN_STYLE = Automatic;
				CURRENT_PROJECT_VERSION = 1;
				DEVELOPMENT_ASSET_PATHS = "\"swiftui_bootcamp_intermidiate/Preview Content\"";
				ENABLE_PREVIEWS = YES;
				GENERATE_INFOPLIST_FILE = YES;
				INFOPLIST_KEY_UIApplicationSceneManifest_Generation = YES;
				INFOPLIST_KEY_UIApplicationSupportsIndirectInputEvents = YES;
				INFOPLIST_KEY_UILaunchScreen_Generation = YES;
				INFOPLIST_KEY_UISupportedInterfaceOrientations_iPad = "UIInterfaceOrientationPortrait UIInterfaceOrientationPortraitUpsideDown UIInterfaceOrientationLandscapeLeft UIInterfaceOrientationLandscapeRight";
				INFOPLIST_KEY_UISupportedInterfaceOrientations_iPhone = "UIInterfaceOrientationPortrait UIInterfaceOrientationLandscapeLeft UIInterfaceOrientationLandscapeRight";
				LD_RUNPATH_SEARCH_PATHS = (
					"$(inherited)",
					"@executable_path/Frameworks",
				);
				MARKETING_VERSION = 1.0;
				PRODUCT_BUNDLE_IDENTIFIER = "com.fruithub.swiftui-bootcamp-intermidiate";
				PRODUCT_NAME = "$(TARGET_NAME)";
				SWIFT_EMIT_LOC_STRINGS = YES;
				SWIFT_VERSION = 5.0;
				TARGETED_DEVICE_FAMILY = "1,2";
			};
			name = Debug;
		};
		6FDF1CAC2ACC435900BE5F9C /* Release */ = {
			isa = XCBuildConfiguration;
			buildSettings = {
				ASSETCATALOG_COMPILER_APPICON_NAME = AppIcon;
				ASSETCATALOG_COMPILER_GLOBAL_ACCENT_COLOR_NAME = AccentColor;
				CODE_SIGN_STYLE = Automatic;
				CURRENT_PROJECT_VERSION = 1;
				DEVELOPMENT_ASSET_PATHS = "\"swiftui_bootcamp_intermidiate/Preview Content\"";
				ENABLE_PREVIEWS = YES;
				GENERATE_INFOPLIST_FILE = YES;
				INFOPLIST_KEY_UIApplicationSceneManifest_Generation = YES;
				INFOPLIST_KEY_UIApplicationSupportsIndirectInputEvents = YES;
				INFOPLIST_KEY_UILaunchScreen_Generation = YES;
				INFOPLIST_KEY_UISupportedInterfaceOrientations_iPad = "UIInterfaceOrientationPortrait UIInterfaceOrientationPortraitUpsideDown UIInterfaceOrientationLandscapeLeft UIInterfaceOrientationLandscapeRight";
				INFOPLIST_KEY_UISupportedInterfaceOrientations_iPhone = "UIInterfaceOrientationPortrait UIInterfaceOrientationLandscapeLeft UIInterfaceOrientationLandscapeRight";
				LD_RUNPATH_SEARCH_PATHS = (
					"$(inherited)",
					"@executable_path/Frameworks",
				);
				MARKETING_VERSION = 1.0;
				PRODUCT_BUNDLE_IDENTIFIER = "com.fruithub.swiftui-bootcamp-intermidiate";
				PRODUCT_NAME = "$(TARGET_NAME)";
				SWIFT_EMIT_LOC_STRINGS = YES;
				SWIFT_VERSION = 5.0;
				TARGETED_DEVICE_FAMILY = "1,2";
			};
			name = Release;
		};
/* End XCBuildConfiguration section */

/* Begin XCConfigurationList section */
		6FDF1C972ACC435700BE5F9C /* Build configuration list for PBXProject "swiftui_bootcamp_intermidiate" */ = {
			isa = XCConfigurationList;
			buildConfigurations = (
				6FDF1CA82ACC435900BE5F9C /* Debug */,
				6FDF1CA92ACC435900BE5F9C /* Release */,
			);
			defaultConfigurationIsVisible = 0;
			defaultConfigurationName = Release;
		};
		6FDF1CAA2ACC435900BE5F9C /* Build configuration list for PBXNativeTarget "swiftui_bootcamp_intermidiate" */ = {
			isa = XCConfigurationList;
			buildConfigurations = (
				6FDF1CAB2ACC435900BE5F9C /* Debug */,
				6FDF1CAC2ACC435900BE5F9C /* Release */,
			);
			defaultConfigurationIsVisible = 0;
			defaultConfigurationName = Release;
		};
/* End XCConfigurationList section */
	};
	rootObject = 6FDF1C942ACC435700BE5F9C /* Project object */;
}
